
Microsoft Visual Studio Solution File, Format Version 12.00
# Visual Studio 15
Project("{FAE04EC0-301F-11D3-BF4B-00C04F79EFBC}") = "HDFacePoint.Plugins", "HDFacePoint.Plugins.csproj", "{AFC50E8E-3BA3-3FEE-B85A-06CEA63D1A34}"
EndProject
Project("{FAE04EC0-301F-11D3-BF4B-00C04F79EFBC}") = "HDFacePoint", "HDFacePoint.csproj", "{4D4CC9B7-E3A4-354C-A6B2-D9F90EBEB247}"
EndProject
Project("{FAE04EC0-301F-11D3-BF4B-00C04F79EFBC}") = "HDFacePoint.Editor.Plugins", "HDFacePoint.Editor.Plugins.csproj", "{F3C41BF6-71CC-8FFC-F049-5AC2145D24C0}"
EndProject
Global
	GlobalSection(SolutionConfigurationPlatforms) = preSolution
		Debug|Any CPU = Debug|Any CPU
		Release|Any CPU = Release|Any CPU
	EndGlobalSection
	GlobalSection(ProjectConfigurationPlatforms) = postSolution
		{AFC50E8E-3BA3-3FEE-B85A-06CEA63D1A34}.Debug|Any CPU.ActiveCfg = Debug|Any CPU
		{AFC50E8E-3BA3-3FEE-B85A-06CEA63D1A34}.Debug|Any CPU.Build.0 = Debug|Any CPU
		{AFC50E8E-3BA3-3FEE-B85A-06CEA63D1A34}.Release|Any CPU.ActiveCfg = Release|Any CPU
		{AFC50E8E-3BA3-3FEE-B85A-06CEA63D1A34}.Release|Any CPU.Build.0 = Release|Any CPU
		{4D4CC9B7-E3A4-354C-A6B2-D9F90EBEB247}.Debug|Any CPU.ActiveCfg = Debug|Any CPU
		{4D4CC9B7-E3A4-354C-A6B2-D9F90EBEB247}.Debug|Any CPU.Build.0 = Debug|Any CPU
		{4D4CC9B7-E3A4-354C-A6B2-D9F90EBEB247}.Release|Any CPU.ActiveCfg = Release|Any CPU
		{4D4CC9B7-E3A4-354C-A6B2-D9F90EBEB247}.Release|Any CPU.Build.0 = Release|Any CPU
		{F3C41BF6-71CC-8FFC-F049-5AC2145D24C0}.Debug|Any CPU.ActiveCfg = Debug|Any CPU
		{F3C41BF6-71CC-8FFC-F049-5AC2145D24C0}.Debug|Any CPU.Build.0 = Debug|Any CPU
		{F3C41BF6-71CC-8FFC-F049-5AC2145D24C0}.Release|Any CPU.ActiveCfg = Release|Any CPU
		{F3C41BF6-71CC-8FFC-F049-5AC2145D24C0}.Release|Any CPU.Build.0 = Release|Any CPU
	EndGlobalSection
	GlobalSection(SolutionProperties) = preSolution
		HideSolutionNode = FALSE
	EndGlobalSection
EndGlobal
